
Microsoft Visual Studio Solution File, Format Version 12.00
# Visual Studio 15
VisualStudioVersion = 15.0.26430.14
MinimumVisualStudioVersion = 10.0.40219.1
Project("{8BC9CEB8-8B4A-11D0-8D11-00A0C91BC942}") = "Disassembler_ia_32_64", "Disassembler_ia_32_64\Disassembler_ia_32_64.vcxproj", "{5798EE93-F0F2-42E2-9206-66F79F44FEDA}"
EndProject
Project("{8BC9CEB8-8B4A-11D0-8D11-00A0C91BC942}") = "UnitTest", "UnitTest\UnitTest.vcxproj", "{996867AE-F88A-422E-A772-F1BAE7AD9428}"
EndProject
Global
	GlobalSection(SolutionConfigurationPlatforms) = preSolution
		Debug|x64 = Debug|x64
		Debug|x86 = Debug|x86
		Release|x64 = Release|x64
		Release|x86 = Release|x86
	EndGlobalSection
	GlobalSection(ProjectConfigurationPlatforms) = postSolution
		{5798EE93-F0F2-42E2-9206-66F79F44FEDA}.Debug|x64.ActiveCfg = Debug|x64
		{5798EE93-F0F2-42E2-9206-66F79F44FEDA}.Debug|x64.Build.0 = Debug|x64
		{5798EE93-F0F2-42E2-9206-66F79F44FEDA}.Debug|x86.ActiveCfg = Debug|Win32
		{5798EE93-F0F2-42E2-9206-66F79F44FEDA}.Debug|x86.Build.0 = Debug|Win32
		{5798EE93-F0F2-42E2-9206-66F79F44FEDA}.Release|x64.ActiveCfg = Release|x64
		{5798EE93-F0F2-42E2-9206-66F79F44FEDA}.Release|x64.Build.0 = Release|x64
		{5798EE93-F0F2-42E2-9206-66F79F44FEDA}.Release|x86.ActiveCfg = Release|Win32
		{5798EE93-F0F2-42E2-9206-66F79F44FEDA}.Release|x86.Build.0 = Release|Win32
		{996867AE-F88A-422E-A772-F1BAE7AD9428}.Debug|x64.ActiveCfg = Debug|x64
		{996867AE-F88A-422E-A772-F1BAE7AD9428}.Debug|x64.Build.0 = Debug|x64
		{996867AE-F88A-422E-A772-F1BAE7AD9428}.Debug|x86.ActiveCfg = Debug|Win32
		{996867AE-F88A-422E-A772-F1BAE7AD9428}.Debug|x86.Build.0 = Debug|Win32
		{996867AE-F88A-422E-A772-F1BAE7AD9428}.Release|x64.ActiveCfg = Release|x64
		{996867AE-F88A-422E-A772-F1BAE7AD9428}.Release|x64.Build.0 = Release|x64
		{996867AE-F88A-422E-A772-F1BAE7AD9428}.Release|x86.ActiveCfg = Release|Win32
		{996867AE-F88A-422E-A772-F1BAE7AD9428}.Release|x86.Build.0 = Release|Win32
	EndGlobalSection
	GlobalSection(SolutionProperties) = preSolution
		HideSolutionNode = FALSE
	EndGlobalSection
EndGlobal
